
Microsoft Visual Studio Solution File, Format Version 12.00
# Visual Studio Version 17
VisualStudioVersion = 17.6.33801.468
MinimumVisualStudioVersion = 10.0.40219.1
Project("{2150E333-8FDC-42A3-9474-1A3956D46DE8}") = "Lesson2", "Lesson2", "{40D6D61D-7A9D-4DA4-AAE8-D9AE80C4137C}"
EndProject
Project("{2150E333-8FDC-42A3-9474-1A3956D46DE8}") = "HomeTasks", "HomeTasks", "{38D70F6B-FA0D-44E2-863C-4FBFC592B270}"
EndProject
Project("{9A19103F-16F7-4668-BE54-9A1E7A4F7556}") = "HT-1", "HT-1\HT-1.csproj", "{7A308793-268F-421A-85A0-3D088B39BBC4}"
EndProject
Project("{2150E333-8FDC-42A3-9474-1A3956D46DE8}") = "Lesson3", "Lesson3", "{88D63D7B-E5BF-4CAE-978F-F6AEC391AD07}"
EndProject
Project("{2150E333-8FDC-42A3-9474-1A3956D46DE8}") = "HomeTasks", "HomeTasks", "{F2543B36-EA3F-4A29-9109-C415EC1F7002}"
EndProject
Project("{9A19103F-16F7-4668-BE54-9A1E7A4F7556}") = "HT-TicTacToe", "HT-TicTacToe\HT-TicTacToe.csproj", "{026CEC35-786E-48ED-933E-85CC886C1C35}"
EndProject
Project("{2150E333-8FDC-42A3-9474-1A3956D46DE8}") = "Lesson4", "Lesson4", "{B9A92767-A58A-43E2-AFE3-CAAA42C11A7B}"
EndProject
Project("{9A19103F-16F7-4668-BE54-9A1E7A4F7556}") = "HT-problem1", "HT1\HT-problem1.csproj", "{3B99E25C-A39D-4B89-91E9-C70040356553}"
EndProject
Project("{9A19103F-16F7-4668-BE54-9A1E7A4F7556}") = "HT-problem2", "HT-problem2\HT-problem2.csproj", "{36CF1510-BFF7-4A1C-AD31-FFF5E38E5E42}"
EndProject
Project("{2150E333-8FDC-42A3-9474-1A3956D46DE8}") = "HomeTasks", "HomeTasks", "{7A847B25-A3F0-41BC-A914-53D28D278874}"
EndProject
Project("{9A19103F-16F7-4668-BE54-9A1E7A4F7556}") = "N4-HT1", "N4-HT1\N4-HT1.csproj", "{A41D4105-7A46-42C4-AEED-2E723FE91DE7}"
EndProject
Project("{9A19103F-16F7-4668-BE54-9A1E7A4F7556}") = "N4-HT2", "N4-HT2\N4-HT2.csproj", "{FD2C714E-80F4-40AE-9E1C-5080BD228068}"
EndProject
Project("{2150E333-8FDC-42A3-9474-1A3956D46DE8}") = "Lessson5", "Lessson5", "{22084E3E-801A-4017-8B7A-662535BCE156}"
EndProject
Project("{2150E333-8FDC-42A3-9474-1A3956D46DE8}") = "Amaliyot", "Amaliyot", "{AE9483DD-A4FE-467C-B903-8B5A590C47D9}"
EndProject
Project("{9A19103F-16F7-4668-BE54-9A1E7A4F7556}") = "problem1", "problem1\problem1.csproj", "{218CF43B-52A9-4894-BBE0-4E68FEE9FD20}"
EndProject
Project("{2150E333-8FDC-42A3-9474-1A3956D46DE8}") = "HomeTasks", "HomeTasks", "{CBEA4DDE-7787-4533-B21C-B698386415D2}"
EndProject
Project("{9A19103F-16F7-4668-BE54-9A1E7A4F7556}") = "N5-HT2", "N5-HT2\N5-HT2.csproj", "{BEA1AD05-336D-423C-A721-A13B9AD5DAE3}"
EndProject
Project("{9A19103F-16F7-4668-BE54-9A1E7A4F7556}") = "N5-HT1", "N5-HT1\N5-HT1.csproj", "{1C80242E-82BC-4F21-82A4-AEB0F446C34D}"
EndProject
Project("{2150E333-8FDC-42A3-9474-1A3956D46DE8}") = "Lesson1", "Lesson1", "{F150CD39-CC37-44E8-99EC-497943E45145}"
EndProject
Global
	GlobalSection(SolutionConfigurationPlatforms) = preSolution
		Debug|Any CPU = Debug|Any CPU
		Release|Any CPU = Release|Any CPU
	EndGlobalSection
	GlobalSection(ProjectConfigurationPlatforms) = postSolution
		{7A308793-268F-421A-85A0-3D088B39BBC4}.Debug|Any CPU.ActiveCfg = Debug|Any CPU
		{7A308793-268F-421A-85A0-3D088B39BBC4}.Debug|Any CPU.Build.0 = Debug|Any CPU
		{7A308793-268F-421A-85A0-3D088B39BBC4}.Release|Any CPU.ActiveCfg = Release|Any CPU
		{7A308793-268F-421A-85A0-3D088B39BBC4}.Release|Any CPU.Build.0 = Release|Any CPU
		{026CEC35-786E-48ED-933E-85CC886C1C35}.Debug|Any CPU.ActiveCfg = Debug|Any CPU
		{026CEC35-786E-48ED-933E-85CC886C1C35}.Debug|Any CPU.Build.0 = Debug|Any CPU
		{026CEC35-786E-48ED-933E-85CC886C1C35}.Release|Any CPU.ActiveCfg = Release|Any CPU
		{026CEC35-786E-48ED-933E-85CC886C1C35}.Release|Any CPU.Build.0 = Release|Any CPU
		{3B99E25C-A39D-4B89-91E9-C70040356553}.Debug|Any CPU.ActiveCfg = Debug|Any CPU
		{3B99E25C-A39D-4B89-91E9-C70040356553}.Debug|Any CPU.Build.0 = Debug|Any CPU
		{3B99E25C-A39D-4B89-91E9-C70040356553}.Release|Any CPU.ActiveCfg = Release|Any CPU
		{3B99E25C-A39D-4B89-91E9-C70040356553}.Release|Any CPU.Build.0 = Release|Any CPU
		{36CF1510-BFF7-4A1C-AD31-FFF5E38E5E42}.Debug|Any CPU.ActiveCfg = Debug|Any CPU
		{36CF1510-BFF7-4A1C-AD31-FFF5E38E5E42}.Debug|Any CPU.Build.0 = Debug|Any CPU
		{36CF1510-BFF7-4A1C-AD31-FFF5E38E5E42}.Release|Any CPU.ActiveCfg = Release|Any CPU
		{36CF1510-BFF7-4A1C-AD31-FFF5E38E5E42}.Release|Any CPU.Build.0 = Release|Any CPU
		{A41D4105-7A46-42C4-AEED-2E723FE91DE7}.Debug|Any CPU.ActiveCfg = Debug|Any CPU
		{A41D4105-7A46-42C4-AEED-2E723FE91DE7}.Debug|Any CPU.Build.0 = Debug|Any CPU
		{A41D4105-7A46-42C4-AEED-2E723FE91DE7}.Release|Any CPU.ActiveCfg = Release|Any CPU
		{A41D4105-7A46-42C4-AEED-2E723FE91DE7}.Release|Any CPU.Build.0 = Release|Any CPU
		{FD2C714E-80F4-40AE-9E1C-5080BD228068}.Debug|Any CPU.ActiveCfg = Debug|Any CPU
		{FD2C714E-80F4-40AE-9E1C-5080BD228068}.Debug|Any CPU.Build.0 = Debug|Any CPU
		{FD2C714E-80F4-40AE-9E1C-5080BD228068}.Release|Any CPU.ActiveCfg = Release|Any CPU
		{FD2C714E-80F4-40AE-9E1C-5080BD228068}.Release|Any CPU.Build.0 = Release|Any CPU
		{218CF43B-52A9-4894-BBE0-4E68FEE9FD20}.Debug|Any CPU.ActiveCfg = Debug|Any CPU
		{218CF43B-52A9-4894-BBE0-4E68FEE9FD20}.Debug|Any CPU.Build.0 = Debug|Any CPU
		{218CF43B-52A9-4894-BBE0-4E68FEE9FD20}.Release|Any CPU.ActiveCfg = Release|Any CPU
		{218CF43B-52A9-4894-BBE0-4E68FEE9FD20}.Release|Any CPU.Build.0 = Release|Any CPU
		{BEA1AD05-336D-423C-A721-A13B9AD5DAE3}.Debug|Any CPU.ActiveCfg = Debug|Any CPU
		{BEA1AD05-336D-423C-A721-A13B9AD5DAE3}.Debug|Any CPU.Build.0 = Debug|Any CPU
		{BEA1AD05-336D-423C-A721-A13B9AD5DAE3}.Release|Any CPU.ActiveCfg = Release|Any CPU
		{BEA1AD05-336D-423C-A721-A13B9AD5DAE3}.Release|Any CPU.Build.0 = Release|Any CPU
		{1C80242E-82BC-4F21-82A4-AEB0F446C34D}.Debug|Any CPU.ActiveCfg = Debug|Any CPU
		{1C80242E-82BC-4F21-82A4-AEB0F446C34D}.Debug|Any CPU.Build.0 = Debug|Any CPU
		{1C80242E-82BC-4F21-82A4-AEB0F446C34D}.Release|Any CPU.ActiveCfg = Release|Any CPU
		{1C80242E-82BC-4F21-82A4-AEB0F446C34D}.Release|Any CPU.Build.0 = Release|Any CPU
	EndGlobalSection
	GlobalSection(SolutionProperties) = preSolution
		HideSolutionNode = FALSE
	EndGlobalSection
	GlobalSection(NestedProjects) = preSolution
		{38D70F6B-FA0D-44E2-863C-4FBFC592B270} = {40D6D61D-7A9D-4DA4-AAE8-D9AE80C4137C}
		{7A308793-268F-421A-85A0-3D088B39BBC4} = {38D70F6B-FA0D-44E2-863C-4FBFC592B270}
		{F2543B36-EA3F-4A29-9109-C415EC1F7002} = {88D63D7B-E5BF-4CAE-978F-F6AEC391AD07}
		{026CEC35-786E-48ED-933E-85CC886C1C35} = {F2543B36-EA3F-4A29-9109-C415EC1F7002}
		{3B99E25C-A39D-4B89-91E9-C70040356553} = {F2543B36-EA3F-4A29-9109-C415EC1F7002}
		{36CF1510-BFF7-4A1C-AD31-FFF5E38E5E42} = {F2543B36-EA3F-4A29-9109-C415EC1F7002}
		{7A847B25-A3F0-41BC-A914-53D28D278874} = {B9A92767-A58A-43E2-AFE3-CAAA42C11A7B}
		{A41D4105-7A46-42C4-AEED-2E723FE91DE7} = {7A847B25-A3F0-41BC-A914-53D28D278874}
		{FD2C714E-80F4-40AE-9E1C-5080BD228068} = {7A847B25-A3F0-41BC-A914-53D28D278874}
		{AE9483DD-A4FE-467C-B903-8B5A590C47D9} = {22084E3E-801A-4017-8B7A-662535BCE156}
		{218CF43B-52A9-4894-BBE0-4E68FEE9FD20} = {AE9483DD-A4FE-467C-B903-8B5A590C47D9}
		{CBEA4DDE-7787-4533-B21C-B698386415D2} = {22084E3E-801A-4017-8B7A-662535BCE156}
		{BEA1AD05-336D-423C-A721-A13B9AD5DAE3} = {CBEA4DDE-7787-4533-B21C-B698386415D2}
		{1C80242E-82BC-4F21-82A4-AEB0F446C34D} = {CBEA4DDE-7787-4533-B21C-B698386415D2}
	EndGlobalSection
	GlobalSection(ExtensibilityGlobals) = postSolution
		SolutionGuid = {DAB1A359-3390-4D3A-80BF-FF5331655243}
	EndGlobalSection
EndGlobal
